// !$*UTF8*$!
{
	archiveVersion = 1;
	classes = {
	};
	objectVersion = 50;
	objects = {

/* Begin PBXBuildFile section */
		F4541D37228352A600E1552B /* FullScreenColorViewController.swift in Sources */ = {isa = PBXBuildFile; fileRef = F4541D36228352A600E1552B /* FullScreenColorViewController.swift */; };
		F45BB9D822AF311F00BFB6C5 /* FullScreenAdjustViewController.swift in Sources */ = {isa = PBXBuildFile; fileRef = F45BB9D722AF311F00BFB6C5 /* FullScreenAdjustViewController.swift */; };
		F45BB9DA22AF323100BFB6C5 /* colorSave.swift in Sources */ = {isa = PBXBuildFile; fileRef = F45BB9D922AF323100BFB6C5 /* colorSave.swift */; };
		F48E97E02235CE3900171A87 /* AppDelegate.swift in Sources */ = {isa = PBXBuildFile; fileRef = F48E97DF2235CE3900171A87 /* AppDelegate.swift */; };
		F48E97E22235CE3900171A87 /* ViewController.swift in Sources */ = {isa = PBXBuildFile; fileRef = F48E97E12235CE3900171A87 /* ViewController.swift */; };
		F48E97E52235CE3900171A87 /* Main.storyboard in Resources */ = {isa = PBXBuildFile; fileRef = F48E97E32235CE3900171A87 /* Main.storyboard */; };
		F48E97E72235CE3A00171A87 /* Assets.xcassets in Resources */ = {isa = PBXBuildFile; fileRef = F48E97E62235CE3A00171A87 /* Assets.xcassets */; };
		F48E97EA2235CE3A00171A87 /* LaunchScreen.storyboard in Resources */ = {isa = PBXBuildFile; fileRef = F48E97E82235CE3A00171A87 /* LaunchScreen.storyboard */; };
		F49B5B9A22DD380A00762E01 /* Extensions.swift in Sources */ = {isa = PBXBuildFile; fileRef = F49B5B9922DD380A00762E01 /* Extensions.swift */; };
		F4C97D4A22DE4C00007A96CB /* SettingsView.swift in Sources */ = {isa = PBXBuildFile; fileRef = F4C97D4922DE4C00007A96CB /* SettingsView.swift */; };
		F4F9D87122DD41A600073A4B /* settings save in Resources */ = {isa = PBXBuildFile; fileRef = F4F9D87022DD41A600073A4B /* settings save */; };
		F4F9D87322DD42BD00073A4B /* settingsManager.swift in Sources */ = {isa = PBXBuildFile; fileRef = F4F9D87222DD42BD00073A4B /* settingsManager.swift */; };
/* End PBXBuildFile section */

/* Begin PBXFileReference section */
		F4541D36228352A600E1552B /* FullScreenColorViewController.swift */ = {isa = PBXFileReference; lastKnownFileType = sourcecode.swift; path = FullScreenColorViewController.swift; sourceTree = "<group>"; };
		F45BB9D722AF311F00BFB6C5 /* FullScreenAdjustViewController.swift */ = {isa = PBXFileReference; lastKnownFileType = sourcecode.swift; path = FullScreenAdjustViewController.swift; sourceTree = "<group>"; };
		F45BB9D922AF323100BFB6C5 /* colorSave.swift */ = {isa = PBXFileReference; lastKnownFileType = sourcecode.swift; path = colorSave.swift; sourceTree = "<group>"; };
		F48E97DC2235CE3900171A87 /* ColorMix v4.0.app */ = {isa = PBXFileReference; explicitFileType = wrapper.application; includeInIndex = 0; path = "ColorMix v4.0.app"; sourceTree = BUILT_PRODUCTS_DIR; };
		F48E97DF2235CE3900171A87 /* AppDelegate.swift */ = {isa = PBXFileReference; lastKnownFileType = sourcecode.swift; path = AppDelegate.swift; sourceTree = "<group>"; };
		F48E97E12235CE3900171A87 /* ViewController.swift */ = {isa = PBXFileReference; lastKnownFileType = sourcecode.swift; path = ViewController.swift; sourceTree = "<group>"; tabWidth = 5; };
		F48E97E42235CE3900171A87 /* Base */ = {isa = PBXFileReference; lastKnownFileType = file.storyboard; name = Base; path = Base.lproj/Main.storyboard; sourceTree = "<group>"; };
		F48E97E62235CE3A00171A87 /* Assets.xcassets */ = {isa = PBXFileReference; lastKnownFileType = folder.assetcatalog; path = Assets.xcassets; sourceTree = "<group>"; };
		F48E97E92235CE3A00171A87 /* Base */ = {isa = PBXFileReference; lastKnownFileType = file.storyboard; name = Base; path = Base.lproj/LaunchScreen.storyboard; sourceTree = "<group>"; };
		F48E97EB2235CE3A00171A87 /* Info.plist */ = {isa = PBXFileReference; lastKnownFileType = text.plist.xml; path = Info.plist; sourceTree = "<group>"; };
		F49B5B9922DD380A00762E01 /* Extensions.swift */ = {isa = PBXFileReference; lastKnownFileType = sourcecode.swift; path = Extensions.swift; sourceTree = "<group>"; };
		F4C97D4922DE4C00007A96CB /* SettingsView.swift */ = {isa = PBXFileReference; lastKnownFileType = sourcecode.swift; path = SettingsView.swift; sourceTree = "<group>"; };
		F4F9D87022DD41A600073A4B /* settings save */ = {isa = PBXFileReference; lastKnownFileType = text; path = "settings save"; sourceTree = "<group>"; };
		F4F9D87222DD42BD00073A4B /* settingsManager.swift */ = {isa = PBXFileReference; lastKnownFileType = sourcecode.swift; path = settingsManager.swift; sourceTree = "<group>"; };
/* End PBXFileReference section */

/* Begin PBXFrameworksBuildPhase section */
		F48E97D92235CE3900171A87 /* Frameworks */ = {
			isa = PBXFrameworksBuildPhase;
			buildActionMask = 2147483647;
			files = (
			);
			runOnlyForDeploymentPostprocessing = 0;
		};
/* End PBXFrameworksBuildPhase section */

/* Begin PBXGroup section */
		F48E97D32235CE3900171A87 = {
			isa = PBXGroup;
			children = (
				F48E97DE2235CE3900171A87 /* ColorMix v4.0 */,
				F48E97DD2235CE3900171A87 /* Products */,
			);
			sourceTree = "<group>";
		};
		F48E97DD2235CE3900171A87 /* Products */ = {
			isa = PBXGroup;
			children = (
				F48E97DC2235CE3900171A87 /* ColorMix v4.0.app */,
			);
			name = Products;
			sourceTree = "<group>";
		};
		F48E97DE2235CE3900171A87 /* ColorMix v4.0 */ = {
			isa = PBXGroup;
			children = (
				F48E97DF2235CE3900171A87 /* AppDelegate.swift */,
				F48E97E32235CE3900171A87 /* Main.storyboard */,
				F4A680A122DEA5ED00C20218 /* View Controllers */,
				F4A680A322DEA62800C20218 /* Static Variable Classes */,
				F4A680A422DEA65200C20218 /* Extensions */,
				F4A680A222DEA60800C20218 /* Saving text files */,
				F48E97E62235CE3A00171A87 /* Assets.xcassets */,
				F48E97E82235CE3A00171A87 /* LaunchScreen.storyboard */,
				F48E97EB2235CE3A00171A87 /* Info.plist */,
			);
			path = "ColorMix v4.0";
			sourceTree = "<group>";
		};
		F4A680A122DEA5ED00C20218 /* View Controllers */ = {
			isa = PBXGroup;
			children = (
				F48E97E12235CE3900171A87 /* ViewController.swift */,
				F4541D36228352A600E1552B /* FullScreenColorViewController.swift */,
				F45BB9D722AF311F00BFB6C5 /* FullScreenAdjustViewController.swift */,
				F4C97D4922DE4C00007A96CB /* SettingsView.swift */,
			);
			name = "View Controllers";
			sourceTree = "<group>";
		};
		F4A680A222DEA60800C20218 /* Saving text files */ = {
			isa = PBXGroup;
			children = (
				F4F9D87022DD41A600073A4B /* settings save */,
			);
			name = "Saving text files";
			sourceTree = "<group>";
		};
		F4A680A322DEA62800C20218 /* Static Variable Classes */ = {
			isa = PBXGroup;
			children = (
				F45BB9D922AF323100BFB6C5 /* colorSave.swift */,
				F4F9D87222DD42BD00073A4B /* settingsManager.swift */,
			);
			name = "Static Variable Classes";
			sourceTree = "<group>";
		};
		F4A680A422DEA65200C20218 /* Extensions */ = {
			isa = PBXGroup;
			children = (
				F49B5B9922DD380A00762E01 /* Extensions.swift */,
			);
			name = Extensions;
			sourceTree = "<group>";
		};
/* End PBXGroup section */

/* Begin PBXNativeTarget section */
		F48E97DB2235CE3900171A87 /* ColorMix v4.0 */ = {
			isa = PBXNativeTarget;
			buildConfigurationList = F48E97EE2235CE3A00171A87 /* Build configuration list for PBXNativeTarget "ColorMix v4.0" */;
			buildPhases = (
				F48E97D82235CE3900171A87 /* Sources */,
				F48E97D92235CE3900171A87 /* Frameworks */,
				F48E97DA2235CE3900171A87 /* Resources */,
			);
			buildRules = (
			);
			dependencies = (
			);
			name = "ColorMix v4.0";
			productName = "ColorMix v4.0";
			productReference = F48E97DC2235CE3900171A87 /* ColorMix v4.0.app */;
			productType = "com.apple.product-type.application";
		};
/* End PBXNativeTarget section */

/* Begin PBXProject section */
		F48E97D42235CE3900171A87 /* Project object */ = {
			isa = PBXProject;
			attributes = {
				LastSwiftUpdateCheck = 1010;
				LastUpgradeCheck = 1010;
				ORGANIZATIONNAME = "Anyll Markevich";
				TargetAttributes = {
					F48E97DB2235CE3900171A87 = {
						CreatedOnToolsVersion = 10.1;
					};
				};
			};
			buildConfigurationList = F48E97D72235CE3900171A87 /* Build configuration list for PBXProject "ColorMix v4.0" */;
			compatibilityVersion = "Xcode 9.3";
			developmentRegion = en;
			hasScannedForEncodings = 0;
			knownRegions = (
				en,
				Base,
			);
			mainGroup = F48E97D32235CE3900171A87;
			productRefGroup = F48E97DD2235CE3900171A87 /* Products */;
			projectDirPath = "";
			projectRoot = "";
			targets = (
				F48E97DB2235CE3900171A87 /* ColorMix v4.0 */,
			);
		};
/* End PBXProject section */

/* Begin PBXResourcesBuildPhase section */
		F48E97DA2235CE3900171A87 /* Resources */ = {
			isa = PBXResourcesBuildPhase;
			buildActionMask = 2147483647;
			files = (
				F48E97EA2235CE3A00171A87 /* LaunchScreen.storyboard in Resources */,
				F4F9D87122DD41A600073A4B /* settings save in Resources */,
				F48E97E72235CE3A00171A87 /* Assets.xcassets in Resources */,
				F48E97E52235CE3900171A87 /* Main.storyboard in Resources */,
			);
			runOnlyForDeploymentPostprocessing = 0;
		};
/* End PBXResourcesBuildPhase section */

/* Begin PBXSourcesBuildPhase section */
		F48E97D82235CE3900171A87 /* Sources */ = {
			isa = PBXSourcesBuildPhase;
			buildActionMask = 2147483647;
			files = (
				F45BB9DA22AF323100BFB6C5 /* colorSave.swift in Sources */,
				F4C97D4A22DE4C00007A96CB /* SettingsView.swift in Sources */,
				F45BB9D822AF311F00BFB6C5 /* FullScreenAdjustViewController.swift in Sources */,
				F4F9D87322DD42BD00073A4B /* settingsManager.swift in Sources */,
				F48E97E22235CE3900171A87 /* ViewController.swift in Sources */,
				F48E97E02235CE3900171A87 /* AppDelegate.swift in Sources */,
				F49B5B9A22DD380A00762E01 /* Extensions.swift in Sources */,
				F4541D37228352A600E1552B /* FullScreenColorViewController.swift in Sources */,
			);
			runOnlyForDeploymentPostprocessing = 0;
		};
/* End PBXSourcesBuildPhase section */

/* Begin PBXVariantGroup section */
		F48E97E32235CE3900171A87 /* Main.storyboard */ = {
			isa = PBXVariantGroup;
			children = (
				F48E97E42235CE3900171A87 /* Base */,
			);
			name = Main.storyboard;
			sourceTree = "<group>";
		};
		F48E97E82235CE3A00171A87 /* LaunchScreen.storyboard */ = {
			isa = PBXVariantGroup;
			children = (
				F48E97E92235CE3A00171A87 /* Base */,
			);
			name = LaunchScreen.storyboard;
			sourceTree = "<group>";
		};
/* End PBXVariantGroup section */

/* Begin XCBuildConfiguration section */
		F48E97EC2235CE3A00171A87 /* Debug */ = {
			isa = XCBuildConfiguration;
			buildSettings = {
				ALWAYS_SEARCH_USER_PATHS = NO;
				CLANG_ANALYZER_NONNULL = YES;
				CLANG_ANALYZER_NUMBER_OBJECT_CONVERSION = YES_AGGRESSIVE;
				CLANG_CXX_LANGUAGE_STANDARD = "gnu++14";
				CLANG_CXX_LIBRARY = "libc++";
				CLANG_ENABLE_MODULES = YES;
				CLANG_ENABLE_OBJC_ARC = YES;
				CLANG_ENABLE_OBJC_WEAK = YES;
				CLANG_WARN_BLOCK_CAPTURE_AUTORELEASING = YES;
				CLANG_WARN_BOOL_CONVERSION = YES;
				CLANG_WARN_COMMA = YES;
				CLANG_WARN_CONSTANT_CONVERSION = YES;
				CLANG_WARN_DEPRECATED_OBJC_IMPLEMENTATIONS = YES;
				CLANG_WARN_DIRECT_OBJC_ISA_USAGE = YES_ERROR;
				CLANG_WARN_DOCUMENTATION_COMMENTS = YES;
				CLANG_WARN_EMPTY_BODY = YES;
				CLANG_WARN_ENUM_CONVERSION = YES;
				CLANG_WARN_INFINITE_RECURSION = YES;
				CLANG_WARN_INT_CONVERSION = YES;
				CLANG_WARN_NON_LITERAL_NULL_CONVERSION = YES;
				CLANG_WARN_OBJC_IMPLICIT_RETAIN_SELF = YES;
				CLANG_WARN_OBJC_LITERAL_CONVERSION = YES;
				CLANG_WARN_OBJC_ROOT_CLASS = YES_ERROR;
				CLANG_WARN_RANGE_LOOP_ANALYSIS = YES;
				CLANG_WARN_STRICT_PROTOTYPES = YES;
				CLANG_WARN_SUSPICIOUS_MOVE = YES;
				CLANG_WARN_UNGUARDED_AVAILABILITY = YES_AGGRESSIVE;
				CLANG_WARN_UNREACHABLE_CODE = YES;
				CLANG_WARN__DUPLICATE_METHOD_MATCH = YES;
				CODE_SIGN_IDENTITY = "iPhone Developer";
				COPY_PHASE_STRIP = NO;
				DEBUG_INFORMATION_FORMAT = dwarf;
				ENABLE_STRICT_OBJC_MSGSEND = YES;
				ENABLE_TESTABILITY = YES;
				GCC_C_LANGUAGE_STANDARD = gnu11;
				GCC_DYNAMIC_NO_PIC = NO;
				GCC_NO_COMMON_BLOCKS = YES;
				GCC_OPTIMIZATION_LEVEL = 0;
				GCC_PREPROCESSOR_DEFINITIONS = (
					"DEBUG=1",
					"$(inherited)",
				);
				GCC_WARN_64_TO_32_BIT_CONVERSION = YES;
				GCC_WARN_ABOUT_RETURN_TYPE = YES_ERROR;
				GCC_WARN_UNDECLARED_SELECTOR = YES;
				GCC_WARN_UNINITIALIZED_AUTOS = YES_AGGRESSIVE;
				GCC_WARN_UNUSED_FUNCTION = YES;
				GCC_WARN_UNUSED_VARIABLE = YES;
				IPHONEOS_DEPLOYMENT_TARGET = 12.1;
				MTL_ENABLE_DEBUG_INFO = INCLUDE_SOURCE;
				MTL_FAST_MATH = YES;
				ONLY_ACTIVE_ARCH = YES;
				SDKROOT = iphoneos;
				SWIFT_ACTIVE_COMPILATION_CONDITIONS = DEBUG;
				SWIFT_OPTIMIZATION_LEVEL = "-Onone";
			};
			name = Debug;
		};
		F48E97ED2235CE3A00171A87 /* Release */ = {
			isa = XCBuildConfiguration;
			buildSettings = {
				ALWAYS_SEARCH_USER_PATHS = NO;
				CLANG_ANALYZER_NONNULL = YES;
				CLANG_ANALYZER_NUMBER_OBJECT_CONVERSION = YES_AGGRESSIVE;
				CLANG_CXX_LANGUAGE_STANDARD = "gnu++14";
				CLANG_CXX_LIBRARY = "libc++";
				CLANG_ENABLE_MODULES = YES;
				CLANG_ENABLE_OBJC_ARC = YES;
				CLANG_ENABLE_OBJC_WEAK = YES;
				CLANG_WARN_BLOCK_CAPTURE_AUTORELEASING = YES;
				CLANG_WARN_BOOL_CONVERSION = YES;
				CLANG_WARN_COMMA = YES;
				CLANG_WARN_CONSTANT_CONVERSION = YES;
				CLANG_WARN_DEPRECATED_OBJC_IMPLEMENTATIONS = YES;
				CLANG_WARN_DIRECT_OBJC_ISA_USAGE = YES_ERROR;
				CLANG_WARN_DOCUMENTATION_COMMENTS = YES;
				CLANG_WARN_EMPTY_BODY = YES;
				CLANG_WARN_ENUM_CONVERSION = YES;
				CLANG_WARN_INFINITE_RECURSION = YES;
				CLANG_WARN_INT_CONVERSION = YES;
				CLANG_WARN_NON_LITERAL_NULL_CONVERSION = YES;
				CLANG_WARN_OBJC_IMPLICIT_RETAIN_SELF = YES;
				CLANG_WARN_OBJC_LITERAL_CONVERSION = YES;
				CLANG_WARN_OBJC_ROOT_CLASS = YES_ERROR;
				CLANG_WARN_RANGE_LOOP_ANALYSIS = YES;
				CLANG_WARN_STRICT_PROTOTYPES = YES;
				CLANG_WARN_SUSPICIOUS_MOVE = YES;
				CLANG_WARN_UNGUARDED_AVAILABILITY = YES_AGGRESSIVE;
				CLANG_WARN_UNREACHABLE_CODE = YES;
				CLANG_WARN__DUPLICATE_METHOD_MATCH = YES;
				CODE_SIGN_IDENTITY = "iPhone Developer";
				COPY_PHASE_STRIP = NO;
				DEBUG_INFORMATION_FORMAT = "dwarf-with-dsym";
				ENABLE_NS_ASSERTIONS = NO;
				ENABLE_STRICT_OBJC_MSGSEND = YES;
				GCC_C_LANGUAGE_STANDARD = gnu11;
				GCC_NO_COMMON_BLOCKS = YES;
				GCC_WARN_64_TO_32_BIT_CONVERSION = YES;
				GCC_WARN_ABOUT_RETURN_TYPE = YES_ERROR;
				GCC_WARN_UNDECLARED_SELECTOR = YES;
				GCC_WARN_UNINITIALIZED_AUTOS = YES_AGGRESSIVE;
				GCC_WARN_UNUSED_FUNCTION = YES;
				GCC_WARN_UNUSED_VARIABLE = YES;
				IPHONEOS_DEPLOYMENT_TARGET = 12.1;
				MTL_ENABLE_DEBUG_INFO = NO;
				MTL_FAST_MATH = YES;
				SDKROOT = iphoneos;
				SWIFT_COMPILATION_MODE = wholemodule;
				SWIFT_OPTIMIZATION_LEVEL = "-O";
				VALIDATE_PRODUCT = YES;
			};
			name = Release;
		};
		F48E97EF2235CE3A00171A87 /* Debug */ = {
			isa = XCBuildConfiguration;
			buildSettings = {
				ASSETCATALOG_COMPILER_APPICON_NAME = AppIcon;
				CODE_SIGN_STYLE = Automatic;
				DEVELOPMENT_TEAM = T46VUBX943;
				INFOPLIST_FILE = "ColorMix v4.0/Info.plist";
				LD_RUNPATH_SEARCH_PATHS = (
					"$(inherited)",
					"@executable_path/Frameworks",
				);
				PRODUCT_BUNDLE_IDENTIFIER = "com.example.ColorMix-v5-0";
				PRODUCT_NAME = "$(TARGET_NAME)";
				SWIFT_VERSION = 4.2;
				TARGETED_DEVICE_FAMILY = "1,2";
			};
			name = Debug;
		};
		F48E97F02235CE3A00171A87 /* Release */ = {
			isa = XCBuildConfiguration;
			buildSettings = {
				ASSETCATALOG_COMPILER_APPICON_NAME = AppIcon;
				CODE_SIGN_STYLE = Automatic;
				DEVELOPMENT_TEAM = T46VUBX943;
				INFOPLIST_FILE = "ColorMix v4.0/Info.plist";
				LD_RUNPATH_SEARCH_PATHS = (
					"$(inherited)",
					"@executable_path/Frameworks",
				);
				PRODUCT_BUNDLE_IDENTIFIER = "com.example.ColorMix-v5-0";
				PRODUCT_NAME = "$(TARGET_NAME)";
				SWIFT_VERSION = 4.2;
				TARGETED_DEVICE_FAMILY = "1,2";
			};
			name = Release;
		};
/* End XCBuildConfiguration section */

/* Begin XCConfigurationList section */
		F48E97D72235CE3900171A87 /* Build configuration list for PBXProject "ColorMix v4.0" */ = {
			isa = XCConfigurationList;
			buildConfigurations = (
				F48E97EC2235CE3A00171A87 /* Debug */,
				F48E97ED2235CE3A00171A87 /* Release */,
			);
			defaultConfigurationIsVisible = 0;
			defaultConfigurationName = Release;
		};
		F48E97EE2235CE3A00171A87 /* Build configuration list for PBXNativeTarget "ColorMix v4.0" */ = {
			isa = XCConfigurationList;
			buildConfigurations = (
				F48E97EF2235CE3A00171A87 /* Debug */,
				F48E97F02235CE3A00171A87 /* Release */,
			);
			defaultConfigurationIsVisible = 0;
			defaultConfigurationName = Release;
		};
/* End XCConfigurationList section */
	};
	rootObject = F48E97D42235CE3900171A87 /* Project object */;
}
